
Microsoft Visual Studio Solution File, Format Version 12.00
# Visual Studio Version 16
VisualStudioVersion = 16.0.28803.202
MinimumVisualStudioVersion = 10.0.40219.1
Project("{9A19103F-16F7-4668-BE54-9A1E7A4F7556}") = "CornholeScoreboard", "CornholeScoreboard\CornholeScoreboard.csproj", "{70CEFC14-171C-498D-8A93-405C713CE7C8}"
EndProject
Project("{9A19103F-16F7-4668-BE54-9A1E7A4F7556}") = "CornholeScoreboard.Tests", "CornholeScoreboard.Tests\CornholeScoreboard.Tests.csproj", "{DDC92AF8-8F4C-4EC3-843B-0D9F3E95E13B}"
EndProject
Global
	GlobalSection(SolutionConfigurationPlatforms) = preSolution
		Debug|Any CPU = Debug|Any CPU
		Release|Any CPU = Release|Any CPU
	EndGlobalSection
	GlobalSection(ProjectConfigurationPlatforms) = postSolution
		{70CEFC14-171C-498D-8A93-405C713CE7C8}.Debug|Any CPU.ActiveCfg = Debug|Any CPU
		{70CEFC14-171C-498D-8A93-405C713CE7C8}.Debug|Any CPU.Build.0 = Debug|Any CPU
		{70CEFC14-171C-498D-8A93-405C713CE7C8}.Release|Any CPU.ActiveCfg = Release|Any CPU
		{70CEFC14-171C-498D-8A93-405C713CE7C8}.Release|Any CPU.Build.0 = Release|Any CPU
		{DDC92AF8-8F4C-4EC3-843B-0D9F3E95E13B}.Debug|Any CPU.ActiveCfg = Debug|Any CPU
		{DDC92AF8-8F4C-4EC3-843B-0D9F3E95E13B}.Debug|Any CPU.Build.0 = Debug|Any CPU
		{DDC92AF8-8F4C-4EC3-843B-0D9F3E95E13B}.Release|Any CPU.ActiveCfg = Release|Any CPU
		{DDC92AF8-8F4C-4EC3-843B-0D9F3E95E13B}.Release|Any CPU.Build.0 = Release|Any CPU
	EndGlobalSection
	GlobalSection(SolutionProperties) = preSolution
		HideSolutionNode = FALSE
	EndGlobalSection
	GlobalSection(ExtensibilityGlobals) = postSolution
		SolutionGuid = {25494E53-747D-45D9-BB29-2B8D3311DEC9}
	EndGlobalSection
EndGlobal
